PODS:
  - 1PasswordExtension (1.8.1)
  - Alamofire (3.2.1)
  - SDWebImage (3.7.4):
    - SDWebImage/Core (= 3.7.4)
  - SDWebImage/Core (3.7.4)
  - Soundcloud (0.8.1):
    - 1PasswordExtension (~> 1.5)
    - UICKeyChainStore (~> 2.0.6)
  - SVGPlayButton (0.4.0)
  - SwiftyJSON (2.3.2)
  - UICKeyChainStore (2.0.7)
  - XCDYouTubeKit (2.5.1)
  - youtube-ios-player-helper (0.1.6)

DEPENDENCIES:
  - Alamofire
  - SDWebImage (~> 3.7)
  - Soundcloud
  - SVGPlayButton (~> 0.4)
  - SwiftyJSON
  - XCDYouTubeKit (~> 2.5)
  - youtube-ios-player-helper (~> 0.1)

SPEC CHECKSUMS:
  1PasswordExtension: 00d6f4caae77c19ba33045b8569fbeb9689f0d1d
  Alamofire: f11d8624a05f5d39e0c99309b3e600a3ba64298a
  SDWebImage: 247edd7dd80dd6124197b0d6a17846fe9d1df968
  Soundcloud: 372ac38762a29949302bd52f5cbd2839af2aa930
  SVGPlayButton: 434e4bf97799c206ed283bd1951507f678328766
  SwiftyJSON: 04ccea08915aa0109039157c7974cf0298da292a
  UICKeyChainStore: 696cd35083f7c8fb5e201d909b7e6aea6b478575
  XCDYouTubeKit: ee78997dc92d1055f11459d95c492dae1dba909d
  youtube-ios-player-helper: 21ab92db027c7ff86cb17a3843a3f6eafc8158d2

COCOAPODS: 0.39.0
