// !$*UTF8*$!
{
	archiveVersion = 1;
	classes = {
	};
	objectVersion = 46;
	objects = {

/* Begin PBXBuildFile section */
		4A06C3041FD7888C00E99FED /* wave.storyboard in Resources */ = {isa = PBXBuildFile; fileRef = 4A06C3031FD7888C00E99FED /* wave.storyboard */; };
		4A06C3061FD7978E00E99FED /* ProfileBar.xib in Resources */ = {isa = PBXBuildFile; fileRef = 4A06C3051FD7978E00E99FED /* ProfileBar.xib */; };
		4A06C3081FD79D4B00E99FED /* ProfileBar.swift in Sources */ = {isa = PBXBuildFile; fileRef = 4A06C3071FD79D4B00E99FED /* ProfileBar.swift */; };
		4A06C30A1FDC8A0600E99FED /* NowPlayingViewController.swift in Sources */ = {isa = PBXBuildFile; fileRef = 4A06C3091FDC8A0600E99FED /* NowPlayingViewController.swift */; };
		4A06C30C1FDC8B0000E99FED /* QueueViewController.swift in Sources */ = {isa = PBXBuildFile; fileRef = 4A06C30B1FDC8B0000E99FED /* QueueViewController.swift */; };
		4A06C30E1FDC8BFD00E99FED /* BrowseViewController.swift in Sources */ = {isa = PBXBuildFile; fileRef = 4A06C30D1FDC8BFD00E99FED /* BrowseViewController.swift */; };
		4A06C3121FDC928600E99FED /* SwipeController.swift in Sources */ = {isa = PBXBuildFile; fileRef = 4A06C3111FDC928600E99FED /* SwipeController.swift */; };
		4A095136206BE0DF0093B5DB /* RequestsDelegate.swift in Sources */ = {isa = PBXBuildFile; fileRef = 4A095135206BE0DF0093B5DB /* RequestsDelegate.swift */; };
		4A095138206BEBBF0093B5DB /* RadioDelegate.swift in Sources */ = {isa = PBXBuildFile; fileRef = 4A095137206BEBBF0093B5DB /* RadioDelegate.swift */; };
		4A09513A206C20150093B5DB /* SettingsViewController.swift in Sources */ = {isa = PBXBuildFile; fileRef = 4A095139206C20150093B5DB /* SettingsViewController.swift */; };
		4A09513C206C27E10093B5DB /* SettingsDelegate.swift in Sources */ = {isa = PBXBuildFile; fileRef = 4A09513B206C27E10093B5DB /* SettingsDelegate.swift */; };
		4A09513E206C32540093B5DB /* Settings.swift in Sources */ = {isa = PBXBuildFile; fileRef = 4A09513D206C32540093B5DB /* Settings.swift */; };
		4A095141206C3BCB0093B5DB /* SettingsTableViewCell.swift in Sources */ = {isa = PBXBuildFile; fileRef = 4A09513F206C3BCB0093B5DB /* SettingsTableViewCell.swift */; };
		4A095142206C3BCB0093B5DB /* SettingsTableViewCell.xib in Resources */ = {isa = PBXBuildFile; fileRef = 4A095140206C3BCB0093B5DB /* SettingsTableViewCell.xib */; };
		4A0A046B206ABA2F00A5FC0D /* QueueHeaderTableViewCell.swift in Sources */ = {isa = PBXBuildFile; fileRef = 4A0A0469206ABA2F00A5FC0D /* QueueHeaderTableViewCell.swift */; };
		4A0A046C206ABA2F00A5FC0D /* QueueHeaderTableViewCell.xib in Resources */ = {isa = PBXBuildFile; fileRef = 4A0A046A206ABA2F00A5FC0D /* QueueHeaderTableViewCell.xib */; };
		4A0A046E206B496E00A5FC0D /* ListenersDelegate.swift in Sources */ = {isa = PBXBuildFile; fileRef = 4A0A046D206B496E00A5FC0D /* ListenersDelegate.swift */; };
		4A0A0470206B693600A5FC0D /* SocialDelegate.swift in Sources */ = {isa = PBXBuildFile; fileRef = 4A0A046F206B693600A5FC0D /* SocialDelegate.swift */; };
		4A0A0472206B788C00A5FC0D /* SocialViewController.swift in Sources */ = {isa = PBXBuildFile; fileRef = 4A0A0471206B788C00A5FC0D /* SocialViewController.swift */; };
		4A0DE84020AC70DB00320507 /* HelpViewController.swift in Sources */ = {isa = PBXBuildFile; fileRef = 4A0DE83F20AC70DB00320507 /* HelpViewController.swift */; };
		4A179AFC1D00C64100B6EE20 /* apple music logo.jpg in Resources */ = {isa = PBXBuildFile; fileRef = 4A179AF81D00C64100B6EE20 /* apple music logo.jpg */; };
		4A179AFD1D00C64100B6EE20 /* soundcloud logo.gif in Resources */ = {isa = PBXBuildFile; fileRef = 4A179AF91D00C64100B6EE20 /* soundcloud logo.gif */; };
		4A179AFE1D00C64100B6EE20 /* spotify logo.jpg in Resources */ = {isa = PBXBuildFile; fileRef = 4A179AFA1D00C64100B6EE20 /* spotify logo.jpg */; };
		4A179AFF1D00C64100B6EE20 /* youtube logo.png in Resources */ = {isa = PBXBuildFile; fileRef = 4A179AFB1D00C64100B6EE20 /* youtube logo.png */; };
		4A186DC0205073FD0091F8FF /* SyncDelegate.swift in Sources */ = {isa = PBXBuildFile; fileRef = 4A186DBF205073FD0091F8FF /* SyncDelegate.swift */; };
		4A186DCC2050A4550091F8FF /* LibraryItem.swift in Sources */ = {isa = PBXBuildFile; fileRef = 4A186DCB2050A4550091F8FF /* LibraryItem.swift */; };
		4A186DCE2050A45E0091F8FF /* CatalogItem.swift in Sources */ = {isa = PBXBuildFile; fileRef = 4A186DCD2050A45E0091F8FF /* CatalogItem.swift */; };
		4A186DD02050A46F0091F8FF /* WaveManager.swift in Sources */ = {isa = PBXBuildFile; fileRef = 4A186DCF2050A46F0091F8FF /* WaveManager.swift */; };
		4A186DD22050A4B20091F8FF /* Playlist.swift in Sources */ = {isa = PBXBuildFile; fileRef = 4A186DD12050A4B20091F8FF /* Playlist.swift */; };
		4A186DD42050A4DD0091F8FF /* Artist.swift in Sources */ = {isa = PBXBuildFile; fileRef = 4A186DD32050A4DD0091F8FF /* Artist.swift */; };
		4A186DD62050A4FC0091F8FF /* Album.swift in Sources */ = {isa = PBXBuildFile; fileRef = 4A186DD52050A4FC0091F8FF /* Album.swift */; };
		4A186DD82050A6200091F8FF /* Web.swift in Sources */ = {isa = PBXBuildFile; fileRef = 4A186DD72050A6200091F8FF /* Web.swift */; };
		4A186DDA2050A6D40091F8FF /* Searching.swift in Sources */ = {isa = PBXBuildFile; fileRef = 4A186DD92050A6D40091F8FF /* Searching.swift */; };
		4A186DDC2050A6EE0091F8FF /* Media.swift in Sources */ = {isa = PBXBuildFile; fileRef = 4A186DDB2050A6EE0091F8FF /* Media.swift */; };
		4A186DDE2050A7600091F8FF /* AppleMusicAPI.swift in Sources */ = {isa = PBXBuildFile; fileRef = 4A186DDD2050A7600091F8FF /* AppleMusicAPI.swift */; };
		4A186DE02050A7B30091F8FF /* SpotifyAPI.swift in Sources */ = {isa = PBXBuildFile; fileRef = 4A186DDF2050A7B30091F8FF /* SpotifyAPI.swift */; };
		4A186DE22050A80E0091F8FF /* iTunesAPI.swift in Sources */ = {isa = PBXBuildFile; fileRef = 4A186DE12050A80E0091F8FF /* iTunesAPI.swift */; };
		4A186DE42050A82D0091F8FF /* CliqueAPI.swift in Sources */ = {isa = PBXBuildFile; fileRef = 4A186DE32050A82D0091F8FF /* CliqueAPI.swift */; };
		4A186DE62050AD660091F8FF /* Identity.swift in Sources */ = {isa = PBXBuildFile; fileRef = 4A186DE52050AD660091F8FF /* Identity.swift */; };
		4A2B670C1C501AB700681F70 /* genericart.png in Resources */ = {isa = PBXBuildFile; fileRef = 4A2B670B1C501AB700681F70 /* genericart.png */; };
		4A42E6D420A72029006C1F5D /* Actions.swift in Sources */ = {isa = PBXBuildFile; fileRef = 4A42E6D320A72029006C1F5D /* Actions.swift */; };
		4A42E6D620A742DD006C1F5D /* ActionsDelegate.swift in Sources */ = {isa = PBXBuildFile; fileRef = 4A42E6D520A742DD006C1F5D /* ActionsDelegate.swift */; };
		4A42E6D820AB0C17006C1F5D /* GracenoteAPI.swift in Sources */ = {isa = PBXBuildFile; fileRef = 4A42E6D720AB0C17006C1F5D /* GracenoteAPI.swift */; };
		4A42E6DA20AB4ED5006C1F5D /* Single.swift in Sources */ = {isa = PBXBuildFile; fileRef = 4A42E6D920AB4ED5006C1F5D /* Single.swift */; };
		4A5495801FFB0E5100345CB1 /* Endpoints.swift in Sources */ = {isa = PBXBuildFile; fileRef = 4A54957F1FFB0E5100345CB1 /* Endpoints.swift */; };
		4A5495821FFB0E5A00345CB1 /* Global.swift in Sources */ = {isa = PBXBuildFile; fileRef = 4A5495811FFB0E5A00345CB1 /* Global.swift */; };
		4A5495841FFC822500345CB1 /* User.swift in Sources */ = {isa = PBXBuildFile; fileRef = 4A5495831FFC822500345CB1 /* User.swift */; };
		4A5495861FFC854800345CB1 /* Queue.swift in Sources */ = {isa = PBXBuildFile; fileRef = 4A5495851FFC854800345CB1 /* Queue.swift */; };
		4A5A5B681CE1685A00BD2F5F /* Spotify.framework in Frameworks */ = {isa = PBXBuildFile; fileRef = 4A5A5B671CE1685A00BD2F5F /* Spotify.framework */; };
		4A5A72C5206998200031BDC1 /* NowPlayingTableViewCell.swift in Sources */ = {isa = PBXBuildFile; fileRef = 4A5A72C3206998200031BDC1 /* NowPlayingTableViewCell.swift */; };
		4A7D6C971CDFB22300ADDDA1 /* SystemConfiguration.framework in Frameworks */ = {isa = PBXBuildFile; fileRef = 4A7D6C961CDFB22300ADDDA1 /* SystemConfiguration.framework */; };
		4A8F5FF520063DEE00564EFE /* Alerts.swift in Sources */ = {isa = PBXBuildFile; fileRef = 4A8F5FF420063DEE00564EFE /* Alerts.swift */; };
		4A8F5FF92009811900564EFE /* LibraryDelegate.swift in Sources */ = {isa = PBXBuildFile; fileRef = 4A8F5FF82009811900564EFE /* LibraryDelegate.swift */; };
		4A8F5FFB200FA8E900564EFE /* PlaylistDelegate.swift in Sources */ = {isa = PBXBuildFile; fileRef = 4A8F5FFA200FA8E900564EFE /* PlaylistDelegate.swift */; };
		4A8F5FFD200FA8F200564EFE /* FriendsDelegate.swift in Sources */ = {isa = PBXBuildFile; fileRef = 4A8F5FFC200FA8F200564EFE /* FriendsDelegate.swift */; };
		4A8F5FFF200FA90400564EFE /* BrowseManager.swift in Sources */ = {isa = PBXBuildFile; fileRef = 4A8F5FFE200FA90400564EFE /* BrowseManager.swift */; };
		4A8F6001200FA90E00564EFE /* BrowseDelegate.swift in Sources */ = {isa = PBXBuildFile; fileRef = 4A8F6000200FA90E00564EFE /* BrowseDelegate.swift */; };
		4A9DE05520582657002EBA04 /* SearchDelegate.swift in Sources */ = {isa = PBXBuildFile; fileRef = 4A9DE05420582657002EBA04 /* SearchDelegate.swift */; };
		4A9DE05720588EE7002EBA04 /* CatalogDelegate.swift in Sources */ = {isa = PBXBuildFile; fileRef = 4A9DE05620588EE7002EBA04 /* CatalogDelegate.swift */; };
		4AAB4C652065567700C882AD /* OptionsTableViewCell.swift in Sources */ = {isa = PBXBuildFile; fileRef = 4AAB4C642065567700C882AD /* OptionsTableViewCell.swift */; };
		4AAB4C6C2067014E00C882AD /* OptionSet.swift in Sources */ = {isa = PBXBuildFile; fileRef = 4AAB4C6B2067014E00C882AD /* OptionSet.swift */; };
		4AAB4C6E206701FC00C882AD /* Options.swift in Sources */ = {isa = PBXBuildFile; fileRef = 4AAB4C6D206701FC00C882AD /* Options.swift */; };
		4AAB4C7220671C2500C882AD /* OptionsDelegate.swift in Sources */ = {isa = PBXBuildFile; fileRef = 4AAB4C7120671C2500C882AD /* OptionsDelegate.swift */; };
		4AAB4C742067390B00C882AD /* OptionsManager.swift in Sources */ = {isa = PBXBuildFile; fileRef = 4AAB4C732067390B00C882AD /* OptionsManager.swift */; };
		4AAB4C7620673D1800C882AD /* OptionsTableViewController.swift in Sources */ = {isa = PBXBuildFile; fileRef = 4AAB4C7520673D1800C882AD /* OptionsTableViewController.swift */; };
		4AAB4C7820674B1F00C882AD /* OptionsContainer.swift in Sources */ = {isa = PBXBuildFile; fileRef = 4AAB4C7720674B1F00C882AD /* OptionsContainer.swift */; };
		4AAB4C7A20696C3C00C882AD /* Request.swift in Sources */ = {isa = PBXBuildFile; fileRef = 4AAB4C7920696C3C00C882AD /* Request.swift */; };
		4AAC71F620744E68004FEAE0 /* FrequencyDelegate.swift in Sources */ = {isa = PBXBuildFile; fileRef = 4AAC71F520744E68004FEAE0 /* FrequencyDelegate.swift */; };
		4AAC71F8207510C1004FEAE0 /* FrequencyTableViewController.swift in Sources */ = {isa = PBXBuildFile; fileRef = 4AAC71F7207510C1004FEAE0 /* FrequencyTableViewController.swift */; };
		4AAD8F3A20162D410090CE17 /* waves.mp4 in Resources */ = {isa = PBXBuildFile; fileRef = 4A0AA6242016277B0018E9CD /* waves.mp4 */; };
		4AB74336206EF10E006D9DD1 /* silence.mp3 in Resources */ = {isa = PBXBuildFile; fileRef = 4AFF3BB8206ED2AD00912B3B /* silence.mp3 */; };
		4AB7433820712AE6006D9DD1 /* songpic.png in Resources */ = {isa = PBXBuildFile; fileRef = 4AB7433720712AE5006D9DD1 /* songpic.png */; };
		4AB840D11CD70640005FDB47 /* MediaPlayer.framework in Frameworks */ = {isa = PBXBuildFile; fileRef = 4AB840D01CD70640005FDB47 /* MediaPlayer.framework */; };
		4AC3C9F21C4ACCB700D5BCCA /* AppDelegate.swift in Sources */ = {isa = PBXBuildFile; fileRef = 4AC3C9F11C4ACCB700D5BCCA /* AppDelegate.swift */; };
		4AC3C9FA1C4ACCB700D5BCCA /* Clique.xcdatamodeld in Sources */ = {isa = PBXBuildFile; fileRef = 4AC3C9F81C4ACCB700D5BCCA /* Clique.xcdatamodeld */; };
		4AC3C9FC1C4ACCB700D5BCCA /* Assets.xcassets in Resources */ = {isa = PBXBuildFile; fileRef = 4AC3C9FB1C4ACCB700D5BCCA /* Assets.xcassets */; };
		4AC3C9FF1C4ACCB700D5BCCA /* LaunchScreen.storyboard in Resources */ = {isa = PBXBuildFile; fileRef = 4AC3C9FD1C4ACCB700D5BCCA /* LaunchScreen.storyboard */; };
		4AC3EF391C7E65800013EEFF /* player with youtube helper in Resources */ = {isa = PBXBuildFile; fileRef = 4AC3EF381C7E65800013EEFF /* player with youtube helper */; };
		4AC3EF3B1C7E95970013EEFF /* AVFoundation.framework in Frameworks */ = {isa = PBXBuildFile; fileRef = 4AC3EF3A1C7E95970013EEFF /* AVFoundation.framework */; };
		4ADF95E51D026D6800E0CD19 /* clique 120.png in Resources */ = {isa = PBXBuildFile; fileRef = 4ADF95E31D026D6800E0CD19 /* clique 120.png */; };
		4ADF95E61D026D6800E0CD19 /* clique 180.png in Resources */ = {isa = PBXBuildFile; fileRef = 4ADF95E41D026D6800E0CD19 /* clique 180.png */; };
		4AEE14CF2013555700FC8D80 /* GeneralManager.swift in Sources */ = {isa = PBXBuildFile; fileRef = 4AEE14CE2013555700FC8D80 /* GeneralManager.swift */; };
		4AF452E11FDE0D52007FCF8F /* SwipeableTabBarController.framework in Frameworks */ = {isa = PBXBuildFile; fileRef = 4AF452E21FDE0D52007FCF8F /* SwipeableTabBarController.framework */; };
		4AF452E41FDE1982007FCF8F /* StyleGuide.swift in Sources */ = {isa = PBXBuildFile; fileRef = 4AF452E31FDE1982007FCF8F /* StyleGuide.swift */; };
		4AF452E81FE0CAAE007FCF8F /* QueueSongTableViewCell.swift in Sources */ = {isa = PBXBuildFile; fileRef = 4AF452E61FE0CAAE007FCF8F /* QueueSongTableViewCell.swift */; };
		4AF452E91FE0CAAE007FCF8F /* QueueSongTableViewCell.xib in Resources */ = {isa = PBXBuildFile; fileRef = 4AF452E71FE0CAAE007FCF8F /* QueueSongTableViewCell.xib */; };
		4AF452EB1FE0CCBF007FCF8F /* QueueDelegate.swift in Sources */ = {isa = PBXBuildFile; fileRef = 4AF452EA1FE0CCBF007FCF8F /* QueueDelegate.swift */; };
		4AF452EF1FE0E758007FCF8F /* QueueManager.swift in Sources */ = {isa = PBXBuildFile; fileRef = 4AF452EE1FE0E758007FCF8F /* QueueManager.swift */; };
		4AF452F11FE0E8C3007FCF8F /* Song.swift in Sources */ = {isa = PBXBuildFile; fileRef = 4AF452F01FE0E8C3007FCF8F /* Song.swift */; };
		4AFCA12920699D9E00B626BF /* NowPlayingTableViewCell.xib in Resources */ = {isa = PBXBuildFile; fileRef = 4AFCA12720699D9E00B626BF /* NowPlayingTableViewCell.xib */; };
		4AFDA1F5205A0FD100C87E09 /* HistoryDelegate.swift in Sources */ = {isa = PBXBuildFile; fileRef = 4AFDA1F4205A0FD100C87E09 /* HistoryDelegate.swift */; };
		4AFF3BAE206C7A1C00912B3B /* QueueSettingsDelegate.swift in Sources */ = {isa = PBXBuildFile; fileRef = 4AFF3BAD206C7A1C00912B3B /* QueueSettingsDelegate.swift */; };
		4AFF3BB0206CA4F300912B3B /* SharingDelegate.swift in Sources */ = {isa = PBXBuildFile; fileRef = 4AFF3BAF206CA4F300912B3B /* SharingDelegate.swift */; };
		4AFF3BB2206D6DDE00912B3B /* Spotify.swift in Sources */ = {isa = PBXBuildFile; fileRef = 4AFF3BB1206D6DDE00912B3B /* Spotify.swift */; };
		9957A368FB2B39D6834B6673 /* Pods_Clique.framework in Frameworks */ = {isa = PBXBuildFile; fileRef = ED9D40512C31A8AE09B7542F /* Pods_Clique.framework */; };
/* End PBXBuildFile section */

/* Begin PBXFileReference section */
		115498342A55072D64E42064 /* Pods-Clique.debug.xcconfig */ = {isa = PBXFileReference; includeInIndex = 1; lastKnownFileType = text.xcconfig; name = "Pods-Clique.debug.xcconfig"; path = "Pods/Target Support Files/Pods-Clique/Pods-Clique.debug.xcconfig"; sourceTree = "<group>"; };
		4A06C3031FD7888C00E99FED /* wave.storyboard */ = {isa = PBXFileReference; lastKnownFileType = file.storyboard; path = wave.storyboard; sourceTree = "<group>"; };
		4A06C3051FD7978E00E99FED /* ProfileBar.xib */ = {isa = PBXFileReference; lastKnownFileType = file.xib; path = ProfileBar.xib; sourceTree = "<group>"; };
		4A06C3071FD79D4B00E99FED /* ProfileBar.swift */ = {isa = PBXFileReference; lastKnownFileType = sourcecode.swift; path = ProfileBar.swift; sourceTree = "<group>"; };
		4A06C3091FDC8A0600E99FED /* NowPlayingViewController.swift */ = {isa = PBXFileReference; lastKnownFileType = sourcecode.swift; path = NowPlayingViewController.swift; sourceTree = "<group>"; };
		4A06C30B1FDC8B0000E99FED /* QueueViewController.swift */ = {isa = PBXFileReference; lastKnownFileType = sourcecode.swift; path = QueueViewController.swift; sourceTree = "<group>"; };
		4A06C30D1FDC8BFD00E99FED /* BrowseViewController.swift */ = {isa = PBXFileReference; lastKnownFileType = sourcecode.swift; path = BrowseViewController.swift; sourceTree = "<group>"; };
		4A06C3101FDC8F6500E99FED /* EZSwipeController.framework */ = {isa = PBXFileReference; explicitFileType = wrapper.framework; path = EZSwipeController.framework; sourceTree = BUILT_PRODUCTS_DIR; };
		4A06C3111FDC928600E99FED /* SwipeController.swift */ = {isa = PBXFileReference; lastKnownFileType = sourcecode.swift; path = SwipeController.swift; sourceTree = "<group>"; };
		4A095135206BE0DF0093B5DB /* RequestsDelegate.swift */ = {isa = PBXFileReference; lastKnownFileType = sourcecode.swift; path = RequestsDelegate.swift; sourceTree = "<group>"; };
		4A095137206BEBBF0093B5DB /* RadioDelegate.swift */ = {isa = PBXFileReference; lastKnownFileType = sourcecode.swift; path = RadioDelegate.swift; sourceTree = "<group>"; };
		4A095139206C20150093B5DB /* SettingsViewController.swift */ = {isa = PBXFileReference; lastKnownFileType = sourcecode.swift; path = SettingsViewController.swift; sourceTree = "<group>"; };
		4A09513B206C27E10093B5DB /* SettingsDelegate.swift */ = {isa = PBXFileReference; lastKnownFileType = sourcecode.swift; path = SettingsDelegate.swift; sourceTree = "<group>"; };
		4A09513D206C32540093B5DB /* Settings.swift */ = {isa = PBXFileReference; lastKnownFileType = sourcecode.swift; path = Settings.swift; sourceTree = "<group>"; };
		4A09513F206C3BCB0093B5DB /* SettingsTableViewCell.swift */ = {isa = PBXFileReference; lastKnownFileType = sourcecode.swift; path = SettingsTableViewCell.swift; sourceTree = "<group>"; };
		4A095140206C3BCB0093B5DB /* SettingsTableViewCell.xib */ = {isa = PBXFileReference; lastKnownFileType = file.xib; path = SettingsTableViewCell.xib; sourceTree = "<group>"; };
		4A0A0469206ABA2F00A5FC0D /* QueueHeaderTableViewCell.swift */ = {isa = PBXFileReference; lastKnownFileType = sourcecode.swift; path = QueueHeaderTableViewCell.swift; sourceTree = "<group>"; };
		4A0A046A206ABA2F00A5FC0D /* QueueHeaderTableViewCell.xib */ = {isa = PBXFileReference; lastKnownFileType = file.xib; path = QueueHeaderTableViewCell.xib; sourceTree = "<group>"; };
		4A0A046D206B496E00A5FC0D /* ListenersDelegate.swift */ = {isa = PBXFileReference; lastKnownFileType = sourcecode.swift; path = ListenersDelegate.swift; sourceTree = "<group>"; };
		4A0A046F206B693600A5FC0D /* SocialDelegate.swift */ = {isa = PBXFileReference; lastKnownFileType = sourcecode.swift; path = SocialDelegate.swift; sourceTree = "<group>"; };
		4A0A0471206B788C00A5FC0D /* SocialViewController.swift */ = {isa = PBXFileReference; lastKnownFileType = sourcecode.swift; path = SocialViewController.swift; sourceTree = "<group>"; };
		4A0AA6242016277B0018E9CD /* waves.mp4 */ = {isa = PBXFileReference; lastKnownFileType = file; name = waves.mp4; path = "/Users/phil/Documents/xcode/clique/ubiquitous-journey/Clique/Clique/bin/waves.mp4"; sourceTree = "<absolute>"; };
		4A0DE83F20AC70DB00320507 /* HelpViewController.swift */ = {isa = PBXFileReference; lastKnownFileType = sourcecode.swift; path = HelpViewController.swift; sourceTree = "<group>"; };
		4A16BEDC1CAC3BC60089997F /* AddViewController.swift */ = {isa = PBXFileReference; fileEncoding = 4; lastKnownFileType = sourcecode.swift; path = AddViewController.swift; sourceTree = "<group>"; };
		4A16BEDE1CAC3BD40089997F /* YTViewController.swift */ = {isa = PBXFileReference; fileEncoding = 4; lastKnownFileType = sourcecode.swift; path = YTViewController.swift; sourceTree = "<group>"; };
		4A179AF81D00C64100B6EE20 /* apple music logo.jpg */ = {isa = PBXFileReference; lastKnownFileType = image.jpeg; path = "apple music logo.jpg"; sourceTree = "<group>"; };
		4A179AF91D00C64100B6EE20 /* soundcloud logo.gif */ = {isa = PBXFileReference; lastKnownFileType = image.gif; path = "soundcloud logo.gif"; sourceTree = "<group>"; };
		4A179AFA1D00C64100B6EE20 /* spotify logo.jpg */ = {isa = PBXFileReference; lastKnownFileType = image.jpeg; path = "spotify logo.jpg"; sourceTree = "<group>"; };
		4A179AFB1D00C64100B6EE20 /* youtube logo.png */ = {isa = PBXFileReference; lastKnownFileType = image.png; path = "youtube logo.png"; sourceTree = "<group>"; };
		4A186DBF205073FD0091F8FF /* SyncDelegate.swift */ = {isa = PBXFileReference; lastKnownFileType = sourcecode.swift; path = SyncDelegate.swift; sourceTree = "<group>"; };
		4A186DCB2050A4550091F8FF /* LibraryItem.swift */ = {isa = PBXFileReference; lastKnownFileType = sourcecode.swift; path = LibraryItem.swift; sourceTree = "<group>"; };
		4A186DCD2050A45E0091F8FF /* CatalogItem.swift */ = {isa = PBXFileReference; lastKnownFileType = sourcecode.swift; path = CatalogItem.swift; sourceTree = "<group>"; };
		4A186DCF2050A46F0091F8FF /* WaveManager.swift */ = {isa = PBXFileReference; lastKnownFileType = sourcecode.swift; path = WaveManager.swift; sourceTree = "<group>"; };
		4A186DD12050A4B20091F8FF /* Playlist.swift */ = {isa = PBXFileReference; lastKnownFileType = sourcecode.swift; path = Playlist.swift; sourceTree = "<group>"; };
		4A186DD32050A4DD0091F8FF /* Artist.swift */ = {isa = PBXFileReference; lastKnownFileType = sourcecode.swift; path = Artist.swift; sourceTree = "<group>"; };
		4A186DD52050A4FC0091F8FF /* Album.swift */ = {isa = PBXFileReference; lastKnownFileType = sourcecode.swift; path = Album.swift; sourceTree = "<group>"; };
		4A186DD72050A6200091F8FF /* Web.swift */ = {isa = PBXFileReference; lastKnownFileType = sourcecode.swift; path = Web.swift; sourceTree = "<group>"; };
		4A186DD92050A6D40091F8FF /* Searching.swift */ = {isa = PBXFileReference; lastKnownFileType = sourcecode.swift; path = Searching.swift; sourceTree = "<group>"; };
		4A186DDB2050A6EE0091F8FF /* Media.swift */ = {isa = PBXFileReference; lastKnownFileType = sourcecode.swift; path = Media.swift; sourceTree = "<group>"; };
		4A186DDD2050A7600091F8FF /* AppleMusicAPI.swift */ = {isa = PBXFileReference; lastKnownFileType = sourcecode.swift; path = AppleMusicAPI.swift; sourceTree = "<group>"; };
		4A186DDF2050A7B30091F8FF /* SpotifyAPI.swift */ = {isa = PBXFileReference; lastKnownFileType = sourcecode.swift; path = SpotifyAPI.swift; sourceTree = "<group>"; };
		4A186DE12050A80E0091F8FF /* iTunesAPI.swift */ = {isa = PBXFileReference; lastKnownFileType = sourcecode.swift; path = iTunesAPI.swift; sourceTree = "<group>"; };
		4A186DE32050A82D0091F8FF /* CliqueAPI.swift */ = {isa = PBXFileReference; lastKnownFileType = sourcecode.swift; path = CliqueAPI.swift; sourceTree = "<group>"; };
		4A186DE52050AD660091F8FF /* Identity.swift */ = {isa = PBXFileReference; lastKnownFileType = sourcecode.swift; path = Identity.swift; sourceTree = "<group>"; };
		4A2B670B1C501AB700681F70 /* genericart.png */ = {isa = PBXFileReference; lastKnownFileType = image.png; path = genericart.png; sourceTree = "<group>"; };
		4A2D92321CBEE14400985FA8 /* HistoryViewController.swift */ = {isa = PBXFileReference; fileEncoding = 4; lastKnownFileType = sourcecode.swift; path = HistoryViewController.swift; sourceTree = "<group>"; };
		4A3EBFE11C4F4E2D001BAA33 /* CliqueViewController.swift */ = {isa = PBXFileReference; fileEncoding = 4; lastKnownFileType = sourcecode.swift; path = CliqueViewController.swift; sourceTree = "<group>"; };
		4A3EBFE31C500CF9001BAA33 /* PlayerViewController.swift */ = {isa = PBXFileReference; fileEncoding = 4; lastKnownFileType = sourcecode.swift; path = PlayerViewController.swift; sourceTree = "<group>"; };
		4A42E6D320A72029006C1F5D /* Actions.swift */ = {isa = PBXFileReference; lastKnownFileType = sourcecode.swift; path = Actions.swift; sourceTree = "<group>"; };
		4A42E6D520A742DD006C1F5D /* ActionsDelegate.swift */ = {isa = PBXFileReference; lastKnownFileType = sourcecode.swift; path = ActionsDelegate.swift; sourceTree = "<group>"; };
		4A42E6D720AB0C17006C1F5D /* GracenoteAPI.swift */ = {isa = PBXFileReference; lastKnownFileType = sourcecode.swift; path = GracenoteAPI.swift; sourceTree = "<group>"; };
		4A42E6D920AB4ED5006C1F5D /* Single.swift */ = {isa = PBXFileReference; lastKnownFileType = sourcecode.swift; path = Single.swift; sourceTree = "<group>"; };
		4A4D60631D2EDF80009B6375 /* SavedViewController.swift */ = {isa = PBXFileReference; fileEncoding = 4; lastKnownFileType = sourcecode.swift; path = SavedViewController.swift; sourceTree = "<group>"; };
		4A54957F1FFB0E5100345CB1 /* Endpoints.swift */ = {isa = PBXFileReference; lastKnownFileType = sourcecode.swift; path = Endpoints.swift; sourceTree = "<group>"; };
		4A5495811FFB0E5A00345CB1 /* Global.swift */ = {isa = PBXFileReference; lastKnownFileType = sourcecode.swift; path = Global.swift; sourceTree = "<group>"; };
		4A5495831FFC822500345CB1 /* User.swift */ = {isa = PBXFileReference; lastKnownFileType = sourcecode.swift; path = User.swift; sourceTree = "<group>"; };
		4A5495851FFC854800345CB1 /* Queue.swift */ = {isa = PBXFileReference; lastKnownFileType = sourcecode.swift; path = Queue.swift; sourceTree = "<group>"; };
		4A5A5B671CE1685A00BD2F5F /* Spotify.framework */ = {isa = PBXFileReference; lastKnownFileType = wrapper.framework; path = Spotify.framework; sourceTree = "<group>"; };
		4A5A5B691CE16A6700BD2F5F /* Clique-Bridging-Header.h */ = {isa = PBXFileReference; lastKnownFileType = sourcecode.c.h; path = "Clique-Bridging-Header.h"; sourceTree = "<group>"; };
		4A5A5B6A1CE2434E00BD2F5F /* SettingsViewController.swift */ = {isa = PBXFileReference; fileEncoding = 4; lastKnownFileType = sourcecode.swift; path = SettingsViewController.swift; sourceTree = "<group>"; };
		4A5A72C3206998200031BDC1 /* NowPlayingTableViewCell.swift */ = {isa = PBXFileReference; lastKnownFileType = sourcecode.swift; path = NowPlayingTableViewCell.swift; sourceTree = "<group>"; };
		4A5ECD6D1D106E9200C1F702 /* CliqueSongTableViewCell.swift */ = {isa = PBXFileReference; fileEncoding = 4; lastKnownFileType = sourcecode.swift; path = CliqueSongTableViewCell.swift; sourceTree = "<group>"; };
		4A67C2A01CFE750B00C1D331 /* SVGPlayButton.framework */ = {isa = PBXFileReference; lastKnownFileType = wrapper.framework; name = SVGPlayButton.framework; path = "Pods/../build/Debug-iphoneos/SVGPlayButton.framework"; sourceTree = "<group>"; };
		4A7D6C961CDFB22300ADDDA1 /* SystemConfiguration.framework */ = {isa = PBXFileReference; lastKnownFileType = wrapper.framework; name = SystemConfiguration.framework; path = System/Library/Frameworks/SystemConfiguration.framework; sourceTree = SDKROOT; };
		4A86D4841CFB6A8200E298AB /* DummyPlayerViewController.swift */ = {isa = PBXFileReference; fileEncoding = 4; lastKnownFileType = sourcecode.swift; path = DummyPlayerViewController.swift; sourceTree = "<group>"; };
		4A86D4861CFD11E200E298AB /* PlayerManager.swift */ = {isa = PBXFileReference; fileEncoding = 4; lastKnownFileType = sourcecode.swift; path = PlayerManager.swift; sourceTree = "<group>"; };
		4A8F5FF420063DEE00564EFE /* Alerts.swift */ = {isa = PBXFileReference; lastKnownFileType = sourcecode.swift; path = Alerts.swift; sourceTree = "<group>"; };
		4A8F5FF82009811900564EFE /* LibraryDelegate.swift */ = {isa = PBXFileReference; lastKnownFileType = sourcecode.swift; path = LibraryDelegate.swift; sourceTree = "<group>"; };
		4A8F5FFA200FA8E900564EFE /* PlaylistDelegate.swift */ = {isa = PBXFileReference; lastKnownFileType = sourcecode.swift; path = PlaylistDelegate.swift; sourceTree = "<group>"; };
		4A8F5FFC200FA8F200564EFE /* FriendsDelegate.swift */ = {isa = PBXFileReference; lastKnownFileType = sourcecode.swift; path = FriendsDelegate.swift; sourceTree = "<group>"; };
		4A8F5FFE200FA90400564EFE /* BrowseManager.swift */ = {isa = PBXFileReference; lastKnownFileType = sourcecode.swift; path = BrowseManager.swift; sourceTree = "<group>"; };
		4A8F6000200FA90E00564EFE /* BrowseDelegate.swift */ = {isa = PBXFileReference; lastKnownFileType = sourcecode.swift; path = BrowseDelegate.swift; sourceTree = "<group>"; };
		4A92CD171D3028C300D1C488 /* CliqueManager.swift */ = {isa = PBXFileReference; fileEncoding = 4; lastKnownFileType = sourcecode.swift; path = CliqueManager.swift; sourceTree = "<group>"; };
		4A9DE05420582657002EBA04 /* SearchDelegate.swift */ = {isa = PBXFileReference; lastKnownFileType = sourcecode.swift; path = SearchDelegate.swift; sourceTree = "<group>"; };
		4A9DE05620588EE7002EBA04 /* CatalogDelegate.swift */ = {isa = PBXFileReference; lastKnownFileType = sourcecode.swift; path = CatalogDelegate.swift; sourceTree = "<group>"; };
		4AA5AA571D01F28D004B30FA /* NewCliqueViewController.swift */ = {isa = PBXFileReference; fileEncoding = 4; lastKnownFileType = sourcecode.swift; path = NewCliqueViewController.swift; sourceTree = "<group>"; };
		4AA798181C56ECBA00E211E7 /* LibraryViewController.swift */ = {isa = PBXFileReference; fileEncoding = 4; lastKnownFileType = sourcecode.swift; path = LibraryViewController.swift; sourceTree = "<group>"; };
		4AAB4C642065567700C882AD /* OptionsTableViewCell.swift */ = {isa = PBXFileReference; lastKnownFileType = sourcecode.swift; name = OptionsTableViewCell.swift; path = Clique/lib/ui/OptionsTableViewCell.swift; sourceTree = SOURCE_ROOT; };
		4AAB4C6B2067014E00C882AD /* OptionSet.swift */ = {isa = PBXFileReference; lastKnownFileType = sourcecode.swift; path = OptionSet.swift; sourceTree = "<group>"; };
		4AAB4C6D206701FC00C882AD /* Options.swift */ = {isa = PBXFileReference; lastKnownFileType = sourcecode.swift; path = Options.swift; sourceTree = "<group>"; };
		4AAB4C7120671C2500C882AD /* OptionsDelegate.swift */ = {isa = PBXFileReference; lastKnownFileType = sourcecode.swift; path = OptionsDelegate.swift; sourceTree = "<group>"; };
		4AAB4C732067390B00C882AD /* OptionsManager.swift */ = {isa = PBXFileReference; lastKnownFileType = sourcecode.swift; path = OptionsManager.swift; sourceTree = "<group>"; };
		4AAB4C7520673D1800C882AD /* OptionsTableViewController.swift */ = {isa = PBXFileReference; lastKnownFileType = sourcecode.swift; path = OptionsTableViewController.swift; sourceTree = "<group>"; };
		4AAB4C7720674B1F00C882AD /* OptionsContainer.swift */ = {isa = PBXFileReference; lastKnownFileType = sourcecode.swift; path = OptionsContainer.swift; sourceTree = "<group>"; };
		4AAB4C7920696C3C00C882AD /* Request.swift */ = {isa = PBXFileReference; lastKnownFileType = sourcecode.swift; path = Request.swift; sourceTree = "<group>"; };
		4AAC71F520744E68004FEAE0 /* FrequencyDelegate.swift */ = {isa = PBXFileReference; lastKnownFileType = sourcecode.swift; path = FrequencyDelegate.swift; sourceTree = "<group>"; };
		4AAC71F7207510C1004FEAE0 /* FrequencyTableViewController.swift */ = {isa = PBXFileReference; lastKnownFileType = sourcecode.swift; path = FrequencyTableViewController.swift; sourceTree = "<group>"; };
		4AB53C9E1CE289C2000E47A2 /* SpotifyViewController.swift */ = {isa = PBXFileReference; fileEncoding = 4; lastKnownFileType = sourcecode.swift; path = SpotifyViewController.swift; sourceTree = "<group>"; };
		4AB7433720712AE5006D9DD1 /* songpic.png */ = {isa = PBXFileReference; lastKnownFileType = image.png; path = songpic.png; sourceTree = "<group>"; };
		4AB840D01CD70640005FDB47 /* MediaPlayer.framework */ = {isa = PBXFileReference; lastKnownFileType = wrapper.framework; name = MediaPlayer.framework; path = System/Library/Frameworks/MediaPlayer.framework; sourceTree = SDKROOT; };
		4AC3C9EE1C4ACCB700D5BCCA /* Clique.app */ = {isa = PBXFileReference; explicitFileType = wrapper.application; includeInIndex = 0; path = Clique.app; sourceTree = BUILT_PRODUCTS_DIR; };
		4AC3C9F11C4ACCB700D5BCCA /* AppDelegate.swift */ = {isa = PBXFileReference; lastKnownFileType = sourcecode.swift; path = AppDelegate.swift; sourceTree = "<group>"; };
		4AC3C9F91C4ACCB700D5BCCA /* Clique.xcdatamodel */ = {isa = PBXFileReference; lastKnownFileType = wrapper.xcdatamodel; path = Clique.xcdatamodel; sourceTree = "<group>"; };
		4AC3C9FB1C4ACCB700D5BCCA /* Assets.xcassets */ = {isa = PBXFileReference; lastKnownFileType = folder.assetcatalog; path = Assets.xcassets; sourceTree = "<group>"; };
		4AC3C9FE1C4ACCB700D5BCCA /* Base */ = {isa = PBXFileReference; lastKnownFileType = file.storyboard; name = Base; path = Base.lproj/LaunchScreen.storyboard; sourceTree = "<group>"; };
		4AC3CA001C4ACCB700D5BCCA /* Info.plist */ = {isa = PBXFileReference; lastKnownFileType = text.plist.xml; path = Info.plist; sourceTree = "<group>"; };
		4AC3CA081C4ACE7400D5BCCA /* MyCliquesViewController.swift */ = {isa = PBXFileReference; fileEncoding = 4; lastKnownFileType = sourcecode.swift; path = MyCliquesViewController.swift; sourceTree = "<group>"; };
		4AC3EF381C7E65800013EEFF /* player with youtube helper */ = {isa = PBXFileReference; fileEncoding = 4; lastKnownFileType = text; path = "player with youtube helper"; sourceTree = "<group>"; };
		4AC3EF3A1C7E95970013EEFF /* AVFoundation.framework */ = {isa = PBXFileReference; lastKnownFileType = wrapper.framework; name = AVFoundation.framework; path = System/Library/Frameworks/AVFoundation.framework; sourceTree = SDKROOT; };
		4ACEF1F01CC7E82D0066EBFD /* JoinViewController.swift */ = {isa = PBXFileReference; fileEncoding = 4; lastKnownFileType = sourcecode.swift; path = JoinViewController.swift; sourceTree = "<group>"; };
		4ADF95E31D026D6800E0CD19 /* clique 120.png */ = {isa = PBXFileReference; lastKnownFileType = image.png; path = "clique 120.png"; sourceTree = "<group>"; };
		4ADF95E41D026D6800E0CD19 /* clique 180.png */ = {isa = PBXFileReference; lastKnownFileType = image.png; path = "clique 180.png"; sourceTree = "<group>"; };
		4AEE14CE2013555700FC8D80 /* GeneralManager.swift */ = {isa = PBXFileReference; lastKnownFileType = sourcecode.swift; path = GeneralManager.swift; sourceTree = "<group>"; };
		4AF452E21FDE0D52007FCF8F /* SwipeableTabBarController.framework */ = {isa = PBXFileReference; explicitFileType = wrapper.framework; path = SwipeableTabBarController.framework; sourceTree = BUILT_PRODUCTS_DIR; };
		4AF452E31FDE1982007FCF8F /* StyleGuide.swift */ = {isa = PBXFileReference; lastKnownFileType = sourcecode.swift; path = StyleGuide.swift; sourceTree = "<group>"; };
		4AF452E61FE0CAAE007FCF8F /* QueueSongTableViewCell.swift */ = {isa = PBXFileReference; lastKnownFileType = sourcecode.swift; path = QueueSongTableViewCell.swift; sourceTree = "<group>"; };
		4AF452E71FE0CAAE007FCF8F /* QueueSongTableViewCell.xib */ = {isa = PBXFileReference; lastKnownFileType = file.xib; path = QueueSongTableViewCell.xib; sourceTree = "<group>"; };
		4AF452EA1FE0CCBF007FCF8F /* QueueDelegate.swift */ = {isa = PBXFileReference; lastKnownFileType = sourcecode.swift; path = QueueDelegate.swift; sourceTree = "<group>"; };
		4AF452EE1FE0E758007FCF8F /* QueueManager.swift */ = {isa = PBXFileReference; lastKnownFileType = sourcecode.swift; path = QueueManager.swift; sourceTree = "<group>"; };
		4AF452F01FE0E8C3007FCF8F /* Song.swift */ = {isa = PBXFileReference; lastKnownFileType = sourcecode.swift; path = Song.swift; sourceTree = "<group>"; };
		4AFCA12720699D9E00B626BF /* NowPlayingTableViewCell.xib */ = {isa = PBXFileReference; lastKnownFileType = file.xib; path = NowPlayingTableViewCell.xib; sourceTree = "<group>"; };
		4AFCD3511CEFB09600E5E9B1 /* AppleMusicViewController.swift */ = {isa = PBXFileReference; fileEncoding = 4; lastKnownFileType = sourcecode.swift; path = AppleMusicViewController.swift; sourceTree = "<group>"; };
		4AFCD3531CEFB17D00E5E9B1 /* SoundcloudViewController.swift */ = {isa = PBXFileReference; fileEncoding = 4; lastKnownFileType = sourcecode.swift; path = SoundcloudViewController.swift; sourceTree = "<group>"; };
		4AFDA1F4205A0FD100C87E09 /* HistoryDelegate.swift */ = {isa = PBXFileReference; lastKnownFileType = sourcecode.swift; path = HistoryDelegate.swift; sourceTree = "<group>"; };
		4AFF3BAD206C7A1C00912B3B /* QueueSettingsDelegate.swift */ = {isa = PBXFileReference; lastKnownFileType = sourcecode.swift; path = QueueSettingsDelegate.swift; sourceTree = "<group>"; };
		4AFF3BAF206CA4F300912B3B /* SharingDelegate.swift */ = {isa = PBXFileReference; lastKnownFileType = sourcecode.swift; path = SharingDelegate.swift; sourceTree = "<group>"; };
		4AFF3BB1206D6DDE00912B3B /* Spotify.swift */ = {isa = PBXFileReference; lastKnownFileType = sourcecode.swift; path = Spotify.swift; sourceTree = "<group>"; };
		4AFF3BB8206ED2AD00912B3B /* silence.mp3 */ = {isa = PBXFileReference; lastKnownFileType = audio.mp3; path = silence.mp3; sourceTree = "<group>"; };
		BF3FDFC5DDD37E53C14DA730 /* Pods-Clique.release.xcconfig */ = {isa = PBXFileReference; includeInIndex = 1; lastKnownFileType = text.xcconfig; name = "Pods-Clique.release.xcconfig"; path = "Pods/Target Support Files/Pods-Clique/Pods-Clique.release.xcconfig"; sourceTree = "<group>"; };
		ED9D40512C31A8AE09B7542F /* Pods_Clique.framework */ = {isa = PBXFileReference; explicitFileType = wrapper.framework; includeInIndex = 0; path = Pods_Clique.framework; sourceTree = BUILT_PRODUCTS_DIR; };
/* End PBXFileReference section */

/* Begin PBXFrameworksBuildPhase section */
		4AC3C9EB1C4ACCB700D5BCCA /* Frameworks */ = {
			isa = PBXFrameworksBuildPhase;
			buildActionMask = 2147483647;
			files = (
				4AF452E11FDE0D52007FCF8F /* SwipeableTabBarController.framework in Frameworks */,
				4A7D6C971CDFB22300ADDDA1 /* SystemConfiguration.framework in Frameworks */,
				4AB840D11CD70640005FDB47 /* MediaPlayer.framework in Frameworks */,
				4AC3EF3B1C7E95970013EEFF /* AVFoundation.framework in Frameworks */,
				4A5A5B681CE1685A00BD2F5F /* Spotify.framework in Frameworks */,
				9957A368FB2B39D6834B6673 /* Pods_Clique.framework in Frameworks */,
			);
			runOnlyForDeploymentPostprocessing = 0;
		};
/* End PBXFrameworksBuildPhase section */

/* Begin PBXGroup section */
		4A06C3021FD77C3B00E99FED /* legacy */ = {
			isa = PBXGroup;
			children = (
				4A5ECD6D1D106E9200C1F702 /* CliqueSongTableViewCell.swift */,
				4AA5AA571D01F28D004B30FA /* NewCliqueViewController.swift */,
				4A86D4841CFB6A8200E298AB /* DummyPlayerViewController.swift */,
				4AFCD3531CEFB17D00E5E9B1 /* SoundcloudViewController.swift */,
				4AFCD3511CEFB09600E5E9B1 /* AppleMusicViewController.swift */,
				4AB53C9E1CE289C2000E47A2 /* SpotifyViewController.swift */,
				4A5A5B6A1CE2434E00BD2F5F /* SettingsViewController.swift */,
				4ACEF1F01CC7E82D0066EBFD /* JoinViewController.swift */,
				4A2D92321CBEE14400985FA8 /* HistoryViewController.swift */,
				4A16BEDC1CAC3BC60089997F /* AddViewController.swift */,
				4A16BEDE1CAC3BD40089997F /* YTViewController.swift */,
				4AA798181C56ECBA00E211E7 /* LibraryViewController.swift */,
				4A3EBFE31C500CF9001BAA33 /* PlayerViewController.swift */,
				4A86D4861CFD11E200E298AB /* PlayerManager.swift */,
				4A3EBFE11C4F4E2D001BAA33 /* CliqueViewController.swift */,
				4A92CD171D3028C300D1C488 /* CliqueManager.swift */,
				4AC3CA081C4ACE7400D5BCCA /* MyCliquesViewController.swift */,
				4A4D60631D2EDF80009B6375 /* SavedViewController.swift */,
			);
			path = legacy;
			sourceTree = "<group>";
		};
		4A186DC120509FDB0091F8FF /* src */ = {
			isa = PBXGroup;
			children = (
				4A186DC32050A03C0091F8FF /* controllers */,
				4A186DC42050A0500091F8FF /* managers */,
				4A186DC52050A0580091F8FF /* delegates */,
				4A186DCA2050A4390091F8FF /* protocols */,
				4A06C3021FD77C3B00E99FED /* legacy */,
			);
			path = src;
			sourceTree = "<group>";
		};
		4A186DC220509FF30091F8FF /* bin */ = {
			isa = PBXGroup;
			children = (
				4ADF95E31D026D6800E0CD19 /* clique 120.png */,
				4ADF95E41D026D6800E0CD19 /* clique 180.png */,
				4A2B670B1C501AB700681F70 /* genericart.png */,
				4A179AF81D00C64100B6EE20 /* apple music logo.jpg */,
				4A179AFA1D00C64100B6EE20 /* spotify logo.jpg */,
				4A179AFB1D00C64100B6EE20 /* youtube logo.png */,
				4A0AA6242016277B0018E9CD /* waves.mp4 */,
				4A179AF91D00C64100B6EE20 /* soundcloud logo.gif */,
				4AFF3BB8206ED2AD00912B3B /* silence.mp3 */,
				4AB7433720712AE5006D9DD1 /* songpic.png */,
			);
			path = bin;
			sourceTree = "<group>";
		};
		4A186DC32050A03C0091F8FF /* controllers */ = {
			isa = PBXGroup;
			children = (
				4A06C3091FDC8A0600E99FED /* NowPlayingViewController.swift */,
				4AAC71F7207510C1004FEAE0 /* FrequencyTableViewController.swift */,
				4A06C30B1FDC8B0000E99FED /* QueueViewController.swift */,
				4A06C30D1FDC8BFD00E99FED /* BrowseViewController.swift */,
				4AAB4C7520673D1800C882AD /* OptionsTableViewController.swift */,
				4A095139206C20150093B5DB /* SettingsViewController.swift */,
				4A0DE83F20AC70DB00320507 /* HelpViewController.swift */,
				4A0A0471206B788C00A5FC0D /* SocialViewController.swift */,
				4A06C3111FDC928600E99FED /* SwipeController.swift */,
				4A06C3071FD79D4B00E99FED /* ProfileBar.swift */,
			);
			path = controllers;
			sourceTree = "<group>";
		};
		4A186DC42050A0500091F8FF /* managers */ = {
			isa = PBXGroup;
			children = (
				4AEE14CE2013555700FC8D80 /* GeneralManager.swift */,
				4A8F5FFE200FA90400564EFE /* BrowseManager.swift */,
				4AF452EE1FE0E758007FCF8F /* QueueManager.swift */,
				4AAB4C732067390B00C882AD /* OptionsManager.swift */,
			);
			path = managers;
			sourceTree = "<group>";
		};
		4A186DC52050A0580091F8FF /* delegates */ = {
			isa = PBXGroup;
			children = (
				4AC3C9F11C4ACCB700D5BCCA /* AppDelegate.swift */,
				4A0A046F206B693600A5FC0D /* SocialDelegate.swift */,
				4AF452EA1FE0CCBF007FCF8F /* QueueDelegate.swift */,
				4AFDA1F4205A0FD100C87E09 /* HistoryDelegate.swift */,
				4A0A046D206B496E00A5FC0D /* ListenersDelegate.swift */,
				4A095135206BE0DF0093B5DB /* RequestsDelegate.swift */,
				4A095137206BEBBF0093B5DB /* RadioDelegate.swift */,
				4A8F6000200FA90E00564EFE /* BrowseDelegate.swift */,
				4A8F5FFC200FA8F200564EFE /* FriendsDelegate.swift */,
				4A8F5FF82009811900564EFE /* LibraryDelegate.swift */,
				4A8F5FFA200FA8E900564EFE /* PlaylistDelegate.swift */,
				4A186DBF205073FD0091F8FF /* SyncDelegate.swift */,
				4A9DE05420582657002EBA04 /* SearchDelegate.swift */,
				4A9DE05620588EE7002EBA04 /* CatalogDelegate.swift */,
				4AAB4C7120671C2500C882AD /* OptionsDelegate.swift */,
				4A42E6D520A742DD006C1F5D /* ActionsDelegate.swift */,
				4AAC71F520744E68004FEAE0 /* FrequencyDelegate.swift */,
				4A09513B206C27E10093B5DB /* SettingsDelegate.swift */,
				4AFF3BAD206C7A1C00912B3B /* QueueSettingsDelegate.swift */,
				4AFF3BAF206CA4F300912B3B /* SharingDelegate.swift */,
			);
			path = delegates;
			sourceTree = "<group>";
		};
		4A186DC62050A0C50091F8FF /* xib */ = {
			isa = PBXGroup;
			children = (
				4AFCA12720699D9E00B626BF /* NowPlayingTableViewCell.xib */,
				4A06C3031FD7888C00E99FED /* wave.storyboard */,
				4AF452E71FE0CAAE007FCF8F /* QueueSongTableViewCell.xib */,
				4A06C3051FD7978E00E99FED /* ProfileBar.xib */,
				4A0A046A206ABA2F00A5FC0D /* QueueHeaderTableViewCell.xib */,
				4A095140206C3BCB0093B5DB /* SettingsTableViewCell.xib */,
				4AC3C9FD1C4ACCB700D5BCCA /* LaunchScreen.storyboard */,
			);
			path = xib;
			sourceTree = "<group>";
		};
		4A186DC72050A0CE0091F8FF /* values */ = {
			isa = PBXGroup;
			children = (
				4A5495851FFC854800345CB1 /* Queue.swift */,
				4AF452F01FE0E8C3007FCF8F /* Song.swift */,
				4A42E6D920AB4ED5006C1F5D /* Single.swift */,
				4A186DD52050A4FC0091F8FF /* Album.swift */,
				4A186DD32050A4DD0091F8FF /* Artist.swift */,
				4A186DD12050A4B20091F8FF /* Playlist.swift */,
				4A5495831FFC822500345CB1 /* User.swift */,
				4A186DE52050AD660091F8FF /* Identity.swift */,
				4AAB4C6B2067014E00C882AD /* OptionSet.swift */,
				4AAB4C7920696C3C00C882AD /* Request.swift */,
			);
			path = values;
			sourceTree = "<group>";
		};
		4A186DCA2050A4390091F8FF /* protocols */ = {
			isa = PBXGroup;
			children = (
				4A186DCB2050A4550091F8FF /* LibraryItem.swift */,
				4A186DCD2050A45E0091F8FF /* CatalogItem.swift */,
				4A186DCF2050A46F0091F8FF /* WaveManager.swift */,
				4A186DD92050A6D40091F8FF /* Searching.swift */,
			);
			path = protocols;
			sourceTree = "<group>";
		};
		4A546CC62046521A003E284F /* lib */ = {
			isa = PBXGroup;
			children = (
				4AAB4C662065614C00C882AD /* ui */,
				4A186DC62050A0C50091F8FF /* xib */,
				4A186DC72050A0CE0091F8FF /* values */,
				4AAB4C632064B50800C882AD /* reference */,
			);
			path = lib;
			sourceTree = "<group>";
		};
		4AAB4C632064B50800C882AD /* reference */ = {
			isa = PBXGroup;
			children = (
				4A5495811FFB0E5A00345CB1 /* Global.swift */,
				4A186DDB2050A6EE0091F8FF /* Media.swift */,
				4AFF3BB1206D6DDE00912B3B /* Spotify.swift */,
				4A186DDD2050A7600091F8FF /* AppleMusicAPI.swift */,
				4A186DDF2050A7B30091F8FF /* SpotifyAPI.swift */,
				4A186DE12050A80E0091F8FF /* iTunesAPI.swift */,
				4A42E6D720AB0C17006C1F5D /* GracenoteAPI.swift */,
				4AAB4C6D206701FC00C882AD /* Options.swift */,
				4A09513D206C32540093B5DB /* Settings.swift */,
				4A186DE32050A82D0091F8FF /* CliqueAPI.swift */,
				4A186DD72050A6200091F8FF /* Web.swift */,
				4A54957F1FFB0E5100345CB1 /* Endpoints.swift */,
				4A8F5FF420063DEE00564EFE /* Alerts.swift */,
				4A42E6D320A72029006C1F5D /* Actions.swift */,
				4AF452E31FDE1982007FCF8F /* StyleGuide.swift */,
			);
			path = reference;
			sourceTree = "<group>";
		};
		4AAB4C662065614C00C882AD /* ui */ = {
			isa = PBXGroup;
			children = (
				4AAB4C642065567700C882AD /* OptionsTableViewCell.swift */,
				4A5A72C3206998200031BDC1 /* NowPlayingTableViewCell.swift */,
				4AF452E61FE0CAAE007FCF8F /* QueueSongTableViewCell.swift */,
				4A0A0469206ABA2F00A5FC0D /* QueueHeaderTableViewCell.swift */,
				4A09513F206C3BCB0093B5DB /* SettingsTableViewCell.swift */,
				4AAB4C7720674B1F00C882AD /* OptionsContainer.swift */,
			);
			path = ui;
			sourceTree = "<group>";
		};
		4AC3C9E51C4ACCB700D5BCCA = {
			isa = PBXGroup;
			children = (
				4AC3C9F01C4ACCB700D5BCCA /* Clique */,
				4AC3C9EF1C4ACCB700D5BCCA /* Products */,
				E984A4FC6EC0F95028B54D07 /* Frameworks */,
				C1F2C7F4AE4EE8E89104D46B /* Pods */,
			);
			sourceTree = "<group>";
		};
		4AC3C9EF1C4ACCB700D5BCCA /* Products */ = {
			isa = PBXGroup;
			children = (
				4AC3C9EE1C4ACCB700D5BCCA /* Clique.app */,
			);
			name = Products;
			sourceTree = "<group>";
		};
		4AC3C9F01C4ACCB700D5BCCA /* Clique */ = {
			isa = PBXGroup;
			children = (
				4A186DC220509FF30091F8FF /* bin */,
				4A186DC120509FDB0091F8FF /* src */,
				4A546CC62046521A003E284F /* lib */,
				4AC3C9FB1C4ACCB700D5BCCA /* Assets.xcassets */,
				4AC3CA001C4ACCB700D5BCCA /* Info.plist */,
				4AC3C9F81C4ACCB700D5BCCA /* Clique.xcdatamodeld */,
				4AC3EF381C7E65800013EEFF /* player with youtube helper */,
				4A5A5B691CE16A6700BD2F5F /* Clique-Bridging-Header.h */,
			);
			path = Clique;
			sourceTree = "<group>";
		};
		C1F2C7F4AE4EE8E89104D46B /* Pods */ = {
			isa = PBXGroup;
			children = (
				115498342A55072D64E42064 /* Pods-Clique.debug.xcconfig */,
				BF3FDFC5DDD37E53C14DA730 /* Pods-Clique.release.xcconfig */,
			);
			name = Pods;
			sourceTree = "<group>";
		};
		E984A4FC6EC0F95028B54D07 /* Frameworks */ = {
			isa = PBXGroup;
			children = (
				4AF452E21FDE0D52007FCF8F /* SwipeableTabBarController.framework */,
				4A06C3101FDC8F6500E99FED /* EZSwipeController.framework */,
				4A67C2A01CFE750B00C1D331 /* SVGPlayButton.framework */,
				4A5A5B671CE1685A00BD2F5F /* Spotify.framework */,
				4A7D6C961CDFB22300ADDDA1 /* SystemConfiguration.framework */,
				4AB840D01CD70640005FDB47 /* MediaPlayer.framework */,
				4AC3EF3A1C7E95970013EEFF /* AVFoundation.framework */,
				ED9D40512C31A8AE09B7542F /* Pods_Clique.framework */,
			);
			name = Frameworks;
			sourceTree = "<group>";
		};
/* End PBXGroup section */

/* Begin PBXNativeTarget section */
		4AC3C9ED1C4ACCB700D5BCCA /* Clique */ = {
			isa = PBXNativeTarget;
			buildConfigurationList = 4AC3CA031C4ACCB700D5BCCA /* Build configuration list for PBXNativeTarget "Clique" */;
			buildPhases = (
				D1CE7353C83F6C7EFCCF3040 /* [CP] Check Pods Manifest.lock */,
				4AC3C9EA1C4ACCB700D5BCCA /* Sources */,
				4AC3C9EB1C4ACCB700D5BCCA /* Frameworks */,
				4AC3C9EC1C4ACCB700D5BCCA /* Resources */,
				C392AB012A8641B1D552B830 /* [CP] Embed Pods Frameworks */,
				4AC9CA828BA4FD2B0926C68C /* [CP] Copy Pods Resources */,
				4AFDA1F32059EBB700C87E09 /* ShellScript */,
			);
			buildRules = (
			);
			dependencies = (
			);
			name = Clique;
			productName = Clique;
			productReference = 4AC3C9EE1C4ACCB700D5BCCA /* Clique.app */;
			productType = "com.apple.product-type.application";
		};
/* End PBXNativeTarget section */

/* Begin PBXProject section */
		4AC3C9E61C4ACCB700D5BCCA /* Project object */ = {
			isa = PBXProject;
			attributes = {
				LastSwiftUpdateCheck = 0720;
				LastUpgradeCheck = 0910;
				ORGANIZATIONNAME = "Phil Hawkins";
				TargetAttributes = {
					4AC3C9ED1C4ACCB700D5BCCA = {
						CreatedOnToolsVersion = 7.2;
						DevelopmentTeam = GEGSW4FP6J;
					};
				};
			};
			buildConfigurationList = 4AC3C9E91C4ACCB700D5BCCA /* Build configuration list for PBXProject "Clique" */;
			compatibilityVersion = "Xcode 3.2";
			developmentRegion = English;
			hasScannedForEncodings = 0;
			knownRegions = (
				en,
				Base,
			);
			mainGroup = 4AC3C9E51C4ACCB700D5BCCA;
			productRefGroup = 4AC3C9EF1C4ACCB700D5BCCA /* Products */;
			projectDirPath = "";
			projectRoot = "";
			targets = (
				4AC3C9ED1C4ACCB700D5BCCA /* Clique */,
			);
		};
/* End PBXProject section */

/* Begin PBXResourcesBuildPhase section */
		4AC3C9EC1C4ACCB700D5BCCA /* Resources */ = {
			isa = PBXResourcesBuildPhase;
			buildActionMask = 2147483647;
			files = (
				4AB74336206EF10E006D9DD1 /* silence.mp3 in Resources */,
				4AAD8F3A20162D410090CE17 /* waves.mp4 in Resources */,
				4AC3C9FF1C4ACCB700D5BCCA /* LaunchScreen.storyboard in Resources */,
				4A2B670C1C501AB700681F70 /* genericart.png in Resources */,
				4ADF95E61D026D6800E0CD19 /* clique 180.png in Resources */,
				4A179AFF1D00C64100B6EE20 /* youtube logo.png in Resources */,
				4AF452E91FE0CAAE007FCF8F /* QueueSongTableViewCell.xib in Resources */,
				4A179AFD1D00C64100B6EE20 /* soundcloud logo.gif in Resources */,
				4AC3C9FC1C4ACCB700D5BCCA /* Assets.xcassets in Resources */,
				4AB7433820712AE6006D9DD1 /* songpic.png in Resources */,
				4A179AFC1D00C64100B6EE20 /* apple music logo.jpg in Resources */,
				4AFCA12920699D9E00B626BF /* NowPlayingTableViewCell.xib in Resources */,
				4A06C3061FD7978E00E99FED /* ProfileBar.xib in Resources */,
				4AC3EF391C7E65800013EEFF /* player with youtube helper in Resources */,
				4ADF95E51D026D6800E0CD19 /* clique 120.png in Resources */,
				4A06C3041FD7888C00E99FED /* wave.storyboard in Resources */,
				4A095142206C3BCB0093B5DB /* SettingsTableViewCell.xib in Resources */,
				4A0A046C206ABA2F00A5FC0D /* QueueHeaderTableViewCell.xib in Resources */,
				4A179AFE1D00C64100B6EE20 /* spotify logo.jpg in Resources */,
			);
			runOnlyForDeploymentPostprocessing = 0;
		};
/* End PBXResourcesBuildPhase section */

/* Begin PBXShellScriptBuildPhase section */
		4AC9CA828BA4FD2B0926C68C /* [CP] Copy Pods Resources */ = {
			isa = PBXShellScriptBuildPhase;
			buildActionMask = 2147483647;
			files = (
			);
			inputPaths = (
			);
			name = "[CP] Copy Pods Resources";
			outputPaths = (
			);
			runOnlyForDeploymentPostprocessing = 0;
			shellPath = /bin/sh;
			shellScript = "\"${SRCROOT}/Pods/Target Support Files/Pods-Clique/Pods-Clique-resources.sh\"\n";
			showEnvVarsInLog = 0;
		};
		4AFDA1F32059EBB700C87E09 /* ShellScript */ = {
			isa = PBXShellScriptBuildPhase;
			buildActionMask = 2147483647;
			files = (
			);
			inputPaths = (
			);
			outputPaths = (
			);
			runOnlyForDeploymentPostprocessing = 0;
			shellPath = /bin/sh;
			shellScript = "TAGS=\"TODO:\"\necho \"searching ${SRCROOT} for ${TAGS}\"\nfind \"Clique\" \\( -name \"*.swift\" \\) -print0 \\\n| xargs -0 egrep --with-filename --line-number --only-matching \"($TAGS).*\\$\" \\\n| perl -p -e \"s/($TAGS)/ warning: \\$1/\"";
		};
		C392AB012A8641B1D552B830 /* [CP] Embed Pods Frameworks */ = {
			isa = PBXShellScriptBuildPhase;
			buildActionMask = 2147483647;
			files = (
			);
			inputPaths = (
				"${SRCROOT}/Pods/Target Support Files/Pods-Clique/Pods-Clique-frameworks.sh",
				"${BUILT_PRODUCTS_DIR}/ASPVideoPlayer/ASPVideoPlayer.framework",
				"${BUILT_PRODUCTS_DIR}/Alamofire/Alamofire.framework",
				"${BUILT_PRODUCTS_DIR}/Alamofire-Synchronous/Alamofire_Synchronous.framework",
				"${BUILT_PRODUCTS_DIR}/AlamofireImage/AlamofireImage.framework",
				"${BUILT_PRODUCTS_DIR}/RSPlayPauseButton/RSPlayPauseButton.framework",
				"${BUILT_PRODUCTS_DIR}/SwiftyJSON/SwiftyJSON.framework",
				"${BUILT_PRODUCTS_DIR}/SwipeableTabBarController/SwipeableTabBarController.framework",
			);
			name = "[CP] Embed Pods Frameworks";
			outputPaths = (
				"${TARGET_BUILD_DIR}/${FRAMEWORKS_FOLDER_PATH}/ASPVideoPlayer.framework",
				"${TARGET_BUILD_DIR}/${FRAMEWORKS_FOLDER_PATH}/Alamofire.framework",
				"${TARGET_BUILD_DIR}/${FRAMEWORKS_FOLDER_PATH}/Alamofire_Synchronous.framework",
				"${TARGET_BUILD_DIR}/${FRAMEWORKS_FOLDER_PATH}/AlamofireImage.framework",
				"${TARGET_BUILD_DIR}/${FRAMEWORKS_FOLDER_PATH}/RSPlayPauseButton.framework",
				"${TARGET_BUILD_DIR}/${FRAMEWORKS_FOLDER_PATH}/SwiftyJSON.framework",
				"${TARGET_BUILD_DIR}/${FRAMEWORKS_FOLDER_PATH}/SwipeableTabBarController.framework",
			);
			runOnlyForDeploymentPostprocessing = 0;
			shellPath = /bin/sh;
			shellScript = "\"${SRCROOT}/Pods/Target Support Files/Pods-Clique/Pods-Clique-frameworks.sh\"\n";
			showEnvVarsInLog = 0;
		};
		D1CE7353C83F6C7EFCCF3040 /* [CP] Check Pods Manifest.lock */ = {
			isa = PBXShellScriptBuildPhase;
			buildActionMask = 2147483647;
			files = (
			);
			inputPaths = (
				"${PODS_PODFILE_DIR_PATH}/Podfile.lock",
				"${PODS_ROOT}/Manifest.lock",
			);
			name = "[CP] Check Pods Manifest.lock";
			outputPaths = (
				"$(DERIVED_FILE_DIR)/Pods-Clique-checkManifestLockResult.txt",
			);
			runOnlyForDeploymentPostprocessing = 0;
			shellPath = /bin/sh;
			shellScript = "diff \"${PODS_PODFILE_DIR_PATH}/Podfile.lock\" \"${PODS_ROOT}/Manifest.lock\" > /dev/null\nif [ $? != 0 ] ; then\n    # print error to STDERR\n    echo \"error: The sandbox is not in sync with the Podfile.lock. Run 'pod install' or update your CocoaPods installation.\" >&2\n    exit 1\nfi\n# This output is used by Xcode 'outputs' to avoid re-running this script phase.\necho \"SUCCESS\" > \"${SCRIPT_OUTPUT_FILE_0}\"\n";
			showEnvVarsInLog = 0;
		};
/* End PBXShellScriptBuildPhase section */

/* Begin PBXSourcesBuildPhase section */
		4AC3C9EA1C4ACCB700D5BCCA /* Sources */ = {
			isa = PBXSourcesBuildPhase;
			buildActionMask = 2147483647;
			files = (
				4AF452F11FE0E8C3007FCF8F /* Song.swift in Sources */,
				4A8F5FF520063DEE00564EFE /* Alerts.swift in Sources */,
				4A8F5FFB200FA8E900564EFE /* PlaylistDelegate.swift in Sources */,
				4A06C30A1FDC8A0600E99FED /* NowPlayingViewController.swift in Sources */,
				4A06C30C1FDC8B0000E99FED /* QueueViewController.swift in Sources */,
				4AFF3BB0206CA4F300912B3B /* SharingDelegate.swift in Sources */,
				4A5495801FFB0E5100345CB1 /* Endpoints.swift in Sources */,
				4A186DE22050A80E0091F8FF /* iTunesAPI.swift in Sources */,
				4A5A72C5206998200031BDC1 /* NowPlayingTableViewCell.swift in Sources */,
				4A186DCC2050A4550091F8FF /* LibraryItem.swift in Sources */,
				4A186DD02050A46F0091F8FF /* WaveManager.swift in Sources */,
				4A0A046E206B496E00A5FC0D /* ListenersDelegate.swift in Sources */,
				4A42E6DA20AB4ED5006C1F5D /* Single.swift in Sources */,
				4A8F5FF92009811900564EFE /* LibraryDelegate.swift in Sources */,
				4A9DE05720588EE7002EBA04 /* CatalogDelegate.swift in Sources */,
				4AFDA1F5205A0FD100C87E09 /* HistoryDelegate.swift in Sources */,
				4AAB4C7820674B1F00C882AD /* OptionsContainer.swift in Sources */,
				4A186DDC2050A6EE0091F8FF /* Media.swift in Sources */,
				4AAB4C6E206701FC00C882AD /* Options.swift in Sources */,
				4A06C3081FD79D4B00E99FED /* ProfileBar.swift in Sources */,
				4A0A046B206ABA2F00A5FC0D /* QueueHeaderTableViewCell.swift in Sources */,
				4A06C3121FDC928600E99FED /* SwipeController.swift in Sources */,
				4A186DE42050A82D0091F8FF /* CliqueAPI.swift in Sources */,
				4A0A0470206B693600A5FC0D /* SocialDelegate.swift in Sources */,
				4A8F5FFF200FA90400564EFE /* BrowseManager.swift in Sources */,
				4A09513A206C20150093B5DB /* SettingsViewController.swift in Sources */,
				4A5495861FFC854800345CB1 /* Queue.swift in Sources */,
				4AAC71F8207510C1004FEAE0 /* FrequencyTableViewController.swift in Sources */,
				4A42E6D620A742DD006C1F5D /* ActionsDelegate.swift in Sources */,
				4A42E6D420A72029006C1F5D /* Actions.swift in Sources */,
				4A09513C206C27E10093B5DB /* SettingsDelegate.swift in Sources */,
				4A5495841FFC822500345CB1 /* User.swift in Sources */,
				4A186DDA2050A6D40091F8FF /* Searching.swift in Sources */,
				4A186DE62050AD660091F8FF /* Identity.swift in Sources */,
				4AFF3BB2206D6DDE00912B3B /* Spotify.swift in Sources */,
				4AF452EF1FE0E758007FCF8F /* QueueManager.swift in Sources */,
				4A09513E206C32540093B5DB /* Settings.swift in Sources */,
				4AAB4C6C2067014E00C882AD /* OptionSet.swift in Sources */,
				4A8F6001200FA90E00564EFE /* BrowseDelegate.swift in Sources */,
				4A5495821FFB0E5A00345CB1 /* Global.swift in Sources */,
				4A42E6D820AB0C17006C1F5D /* GracenoteAPI.swift in Sources */,
				4A186DE02050A7B30091F8FF /* SpotifyAPI.swift in Sources */,
				4A06C30E1FDC8BFD00E99FED /* BrowseViewController.swift in Sources */,
				4AF452E81FE0CAAE007FCF8F /* QueueSongTableViewCell.swift in Sources */,
				4A186DD82050A6200091F8FF /* Web.swift in Sources */,
				4A095141206C3BCB0093B5DB /* SettingsTableViewCell.swift in Sources */,
				4A186DC0205073FD0091F8FF /* SyncDelegate.swift in Sources */,
				4AC3C9F21C4ACCB700D5BCCA /* AppDelegate.swift in Sources */,
				4A186DD62050A4FC0091F8FF /* Album.swift in Sources */,
				4A0DE84020AC70DB00320507 /* HelpViewController.swift in Sources */,
				4A8F5FFD200FA8F200564EFE /* FriendsDelegate.swift in Sources */,
				4A186DD42050A4DD0091F8FF /* Artist.swift in Sources */,
				4A0A0472206B788C00A5FC0D /* SocialViewController.swift in Sources */,
				4AAB4C7A20696C3C00C882AD /* Request.swift in Sources */,
				4A9DE05520582657002EBA04 /* SearchDelegate.swift in Sources */,
				4AAB4C652065567700C882AD /* OptionsTableViewCell.swift in Sources */,
				4AC3C9FA1C4ACCB700D5BCCA /* Clique.xcdatamodeld in Sources */,
				4AAB4C7220671C2500C882AD /* OptionsDelegate.swift in Sources */,
				4AFF3BAE206C7A1C00912B3B /* QueueSettingsDelegate.swift in Sources */,
				4A186DDE2050A7600091F8FF /* AppleMusicAPI.swift in Sources */,
				4AAB4C742067390B00C882AD /* OptionsManager.swift in Sources */,
				4A095138206BEBBF0093B5DB /* RadioDelegate.swift in Sources */,
				4AF452EB1FE0CCBF007FCF8F /* QueueDelegate.swift in Sources */,
				4AEE14CF2013555700FC8D80 /* GeneralManager.swift in Sources */,
				4AAB4C7620673D1800C882AD /* OptionsTableViewController.swift in Sources */,
				4A186DCE2050A45E0091F8FF /* CatalogItem.swift in Sources */,
				4AF452E41FDE1982007FCF8F /* StyleGuide.swift in Sources */,
				4A186DD22050A4B20091F8FF /* Playlist.swift in Sources */,
				4A095136206BE0DF0093B5DB /* RequestsDelegate.swift in Sources */,
				4AAC71F620744E68004FEAE0 /* FrequencyDelegate.swift in Sources */,
			);
			runOnlyForDeploymentPostprocessing = 0;
		};
/* End PBXSourcesBuildPhase section */

/* Begin PBXVariantGroup section */
		4AC3C9FD1C4ACCB700D5BCCA /* LaunchScreen.storyboard */ = {
			isa = PBXVariantGroup;
			children = (
				4AC3C9FE1C4ACCB700D5BCCA /* Base */,
			);
			name = LaunchScreen.storyboard;
			sourceTree = "<group>";
		};
/* End PBXVariantGroup section */

/* Begin XCBuildConfiguration section */
		4AC3CA011C4ACCB700D5BCCA /* Debug */ = {
			isa = XCBuildConfiguration;
			buildSettings = {
				ALWAYS_SEARCH_USER_PATHS = NO;
				CLANG_CXX_LANGUAGE_STANDARD = "gnu++0x";
				CLANG_CXX_LIBRARY = "libc++";
				CLANG_ENABLE_MODULES = YES;
				CLANG_ENABLE_OBJC_ARC = YES;
				CLANG_WARN_BLOCK_CAPTURE_AUTORELEASING = YES;
				CLANG_WARN_BOOL_CONVERSION = YES;
				CLANG_WARN_COMMA = YES;
				CLANG_WARN_CONSTANT_CONVERSION = YES;
				CLANG_WARN_DIRECT_OBJC_ISA_USAGE = YES_ERROR;
				CLANG_WARN_EMPTY_BODY = YES;
				CLANG_WARN_ENUM_CONVERSION = YES;
				CLANG_WARN_INFINITE_RECURSION = YES;
				CLANG_WARN_INT_CONVERSION = YES;
				CLANG_WARN_NON_LITERAL_NULL_CONVERSION = YES;
				CLANG_WARN_OBJC_LITERAL_CONVERSION = YES;
				CLANG_WARN_OBJC_ROOT_CLASS = YES_ERROR;
				CLANG_WARN_RANGE_LOOP_ANALYSIS = YES;
				CLANG_WARN_STRICT_PROTOTYPES = YES;
				CLANG_WARN_SUSPICIOUS_MOVE = YES;
				CLANG_WARN_UNREACHABLE_CODE = YES;
				CLANG_WARN__DUPLICATE_METHOD_MATCH = YES;
				"CODE_SIGN_IDENTITY[sdk=iphoneos*]" = "iPhone Developer";
				COPY_PHASE_STRIP = NO;
				DEBUG_INFORMATION_FORMAT = dwarf;
				ENABLE_STRICT_OBJC_MSGSEND = YES;
				ENABLE_TESTABILITY = YES;
				FRAMEWORK_SEARCH_PATHS = (
					"$(SRCROOT)",
					"$(INHERITED)",
				);
				GCC_C_LANGUAGE_STANDARD = gnu99;
				GCC_DYNAMIC_NO_PIC = NO;
				GCC_NO_COMMON_BLOCKS = YES;
				GCC_OPTIMIZATION_LEVEL = 0;
				GCC_PREPROCESSOR_DEFINITIONS = (
					"DEBUG=1",
					"$(inherited)",
				);
				GCC_WARN_64_TO_32_BIT_CONVERSION = YES;
				GCC_WARN_ABOUT_RETURN_TYPE = YES_ERROR;
				GCC_WARN_UNDECLARED_SELECTOR = YES;
				GCC_WARN_UNINITIALIZED_AUTOS = YES_AGGRESSIVE;
				GCC_WARN_UNUSED_FUNCTION = YES;
				GCC_WARN_UNUSED_VARIABLE = YES;
				IPHONEOS_DEPLOYMENT_TARGET = 11.1;
				LIBRARY_SEARCH_PATHS = "$(SRCROOT)/**";
				MTL_ENABLE_DEBUG_INFO = YES;
				ONLY_ACTIVE_ARCH = YES;
				OTHER_LDFLAGS = "-ObjC";
				SDKROOT = iphoneos;
				SWIFT_OBJC_BRIDGING_HEADER = "";
				SWIFT_OPTIMIZATION_LEVEL = "-Onone";
				SWIFT_VERSION = 4.0;
				TARGETED_DEVICE_FAMILY = "1,2";
			};
			name = Debug;
		};
		4AC3CA021C4ACCB700D5BCCA /* Release */ = {
			isa = XCBuildConfiguration;
			buildSettings = {
				ALWAYS_SEARCH_USER_PATHS = NO;
				CLANG_CXX_LANGUAGE_STANDARD = "gnu++0x";
				CLANG_CXX_LIBRARY = "libc++";
				CLANG_ENABLE_MODULES = YES;
				CLANG_ENABLE_OBJC_ARC = YES;
				CLANG_WARN_BLOCK_CAPTURE_AUTORELEASING = YES;
				CLANG_WARN_BOOL_CONVERSION = YES;
				CLANG_WARN_COMMA = YES;
				CLANG_WARN_CONSTANT_CONVERSION = YES;
				CLANG_WARN_DIRECT_OBJC_ISA_USAGE = YES_ERROR;
				CLANG_WARN_EMPTY_BODY = YES;
				CLANG_WARN_ENUM_CONVERSION = YES;
				CLANG_WARN_INFINITE_RECURSION = YES;
				CLANG_WARN_INT_CONVERSION = YES;
				CLANG_WARN_NON_LITERAL_NULL_CONVERSION = YES;
				CLANG_WARN_OBJC_LITERAL_CONVERSION = YES;
				CLANG_WARN_OBJC_ROOT_CLASS = YES_ERROR;
				CLANG_WARN_RANGE_LOOP_ANALYSIS = YES;
				CLANG_WARN_STRICT_PROTOTYPES = YES;
				CLANG_WARN_SUSPICIOUS_MOVE = YES;
				CLANG_WARN_UNREACHABLE_CODE = YES;
				CLANG_WARN__DUPLICATE_METHOD_MATCH = YES;
				"CODE_SIGN_IDENTITY[sdk=iphoneos*]" = "iPhone Developer";
				COPY_PHASE_STRIP = NO;
				DEBUG_INFORMATION_FORMAT = "dwarf-with-dsym";
				ENABLE_NS_ASSERTIONS = NO;
				ENABLE_STRICT_OBJC_MSGSEND = YES;
				FRAMEWORK_SEARCH_PATHS = (
					"$(SRCROOT)",
					"$(INHERITED)",
				);
				GCC_C_LANGUAGE_STANDARD = gnu99;
				GCC_NO_COMMON_BLOCKS = YES;
				GCC_WARN_64_TO_32_BIT_CONVERSION = YES;
				GCC_WARN_ABOUT_RETURN_TYPE = YES_ERROR;
				GCC_WARN_UNDECLARED_SELECTOR = YES;
				GCC_WARN_UNINITIALIZED_AUTOS = YES_AGGRESSIVE;
				GCC_WARN_UNUSED_FUNCTION = YES;
				GCC_WARN_UNUSED_VARIABLE = YES;
				IPHONEOS_DEPLOYMENT_TARGET = 11.1;
				LIBRARY_SEARCH_PATHS = "$(SRCROOT)/**";
				MTL_ENABLE_DEBUG_INFO = NO;
				ONLY_ACTIVE_ARCH = YES;
				OTHER_LDFLAGS = "-ObjC";
				SDKROOT = iphoneos;
				SWIFT_OBJC_BRIDGING_HEADER = "";
				SWIFT_OPTIMIZATION_LEVEL = "-Owholemodule";
				SWIFT_VERSION = 4.0;
				TARGETED_DEVICE_FAMILY = "1,2";
				VALIDATE_PRODUCT = YES;
			};
			name = Release;
		};
		4AC3CA041C4ACCB700D5BCCA /* Debug */ = {
			isa = XCBuildConfiguration;
			baseConfigurationReference = 115498342A55072D64E42064 /* Pods-Clique.debug.xcconfig */;
			buildSettings = {
				ASSETCATALOG_COMPILER_APPICON_NAME = AppIcon;
				CODE_SIGN_IDENTITY = "iPhone Developer";
				"CODE_SIGN_IDENTITY[sdk=iphoneos*]" = "iPhone Developer";
				DEFINES_MODULE = YES;
				DEVELOPMENT_TEAM = GEGSW4FP6J;
				FRAMEWORK_SEARCH_PATHS = (
					"$(inherited)",
					"$(SRCROOT)/**",
					"$(PROJECT_DIR)",
					"\"$(SRCROOT)/Spotify.framework\"",
				);
				INFOPLIST_FILE = Clique/Info.plist;
				IPHONEOS_DEPLOYMENT_TARGET = 11.1;
				LD_RUNPATH_SEARCH_PATHS = "$(inherited) @executable_path/Frameworks";
				LIBRARY_SEARCH_PATHS = (
					"$(inherited)",
					"\"$(SRCROOT)/Spotify.framework\"",
				);
				OTHER_LDFLAGS = "$(inherited)";
				PRODUCT_BUNDLE_IDENTIFIER = com.phil.Clique;
				PRODUCT_NAME = "$(TARGET_NAME)";
				PROVISIONING_PROFILE = "";
				SWIFT_OBJC_BRIDGING_HEADER = "$(SRCROOT)/Clique/Clique-Bridging-Header.h";
				TARGETED_DEVICE_FAMILY = 1;
			};
			name = Debug;
		};
		4AC3CA051C4ACCB700D5BCCA /* Release */ = {
			isa = XCBuildConfiguration;
			baseConfigurationReference = BF3FDFC5DDD37E53C14DA730 /* Pods-Clique.release.xcconfig */;
			buildSettings = {
				ASSETCATALOG_COMPILER_APPICON_NAME = AppIcon;
				CODE_SIGN_IDENTITY = "iPhone Developer";
				"CODE_SIGN_IDENTITY[sdk=iphoneos*]" = "iPhone Developer";
				DEFINES_MODULE = YES;
				DEVELOPMENT_TEAM = GEGSW4FP6J;
				FRAMEWORK_SEARCH_PATHS = (
					"$(inherited)",
					"$(SRCROOT)/**",
					"$(PROJECT_DIR)",
					"\"$(SRCROOT)/Spotify.framework\"",
				);
				INFOPLIST_FILE = Clique/Info.plist;
				IPHONEOS_DEPLOYMENT_TARGET = 11.1;
				LD_RUNPATH_SEARCH_PATHS = "$(inherited) @executable_path/Frameworks";
				LIBRARY_SEARCH_PATHS = (
					"$(inherited)",
					"\"$(SRCROOT)/Spotify.framework\"",
				);
				OTHER_LDFLAGS = "$(inherited)";
				PRODUCT_BUNDLE_IDENTIFIER = com.phil.Clique;
				PRODUCT_NAME = "$(TARGET_NAME)";
				PROVISIONING_PROFILE = "";
				SWIFT_OBJC_BRIDGING_HEADER = "$(SRCROOT)/Clique/Clique-Bridging-Header.h";
				TARGETED_DEVICE_FAMILY = 1;
			};
			name = Release;
		};
/* End XCBuildConfiguration section */

/* Begin XCConfigurationList section */
		4AC3C9E91C4ACCB700D5BCCA /* Build configuration list for PBXProject "Clique" */ = {
			isa = XCConfigurationList;
			buildConfigurations = (
				4AC3CA011C4ACCB700D5BCCA /* Debug */,
				4AC3CA021C4ACCB700D5BCCA /* Release */,
			);
			defaultConfigurationIsVisible = 0;
			defaultConfigurationName = Release;
		};
		4AC3CA031C4ACCB700D5BCCA /* Build configuration list for PBXNativeTarget "Clique" */ = {
			isa = XCConfigurationList;
			buildConfigurations = (
				4AC3CA041C4ACCB700D5BCCA /* Debug */,
				4AC3CA051C4ACCB700D5BCCA /* Release */,
			);
			defaultConfigurationIsVisible = 0;
			defaultConfigurationName = Release;
		};
/* End XCConfigurationList section */

/* Begin XCVersionGroup section */
		4AC3C9F81C4ACCB700D5BCCA /* Clique.xcdatamodeld */ = {
			isa = XCVersionGroup;
			children = (
				4AC3C9F91C4ACCB700D5BCCA /* Clique.xcdatamodel */,
			);
			currentVersion = 4AC3C9F91C4ACCB700D5BCCA /* Clique.xcdatamodel */;
			path = Clique.xcdatamodeld;
			sourceTree = "<group>";
			versionGroupType = wrapper.xcdatamodel;
		};
/* End XCVersionGroup section */
	};
	rootObject = 4AC3C9E61C4ACCB700D5BCCA /* Project object */;
}
